
Microsoft Visual Studio Solution File, Format Version 12.00
# Visual Studio 15
Project("{FAE04EC0-301F-11D3-BF4B-00C04F79EFBC}") = "Assembly-CSharp", "Assembly-CSharp.csproj", "{525637C8-D518-A112-5FD0-133472DFD68C}"
EndProject
Project("{FAE04EC0-301F-11D3-BF4B-00C04F79EFBC}") = "UnityDds.Tests", "UnityDds.Tests.csproj", "{7D803427-C8D1-D4E8-D204-89D00D3A5C9F}"
EndProject
Project("{FAE04EC0-301F-11D3-BF4B-00C04F79EFBC}") = "UnityDds", "UnityDds.csproj", "{A613716E-D4DB-E678-D99A-DF011A838776}"
EndProject
Global
	GlobalSection(SolutionConfigurationPlatforms) = preSolution
		Debug|Any CPU = Debug|Any CPU
		Release|Any CPU = Release|Any CPU
	EndGlobalSection
	GlobalSection(ProjectConfigurationPlatforms) = postSolution
		{525637C8-D518-A112-5FD0-133472DFD68C}.Debug|Any CPU.ActiveCfg = Debug|Any CPU
		{525637C8-D518-A112-5FD0-133472DFD68C}.Debug|Any CPU.Build.0 = Debug|Any CPU
		{525637C8-D518-A112-5FD0-133472DFD68C}.Release|Any CPU.ActiveCfg = Release|Any CPU
		{525637C8-D518-A112-5FD0-133472DFD68C}.Release|Any CPU.Build.0 = Release|Any CPU
		{7D803427-C8D1-D4E8-D204-89D00D3A5C9F}.Debug|Any CPU.ActiveCfg = Debug|Any CPU
		{7D803427-C8D1-D4E8-D204-89D00D3A5C9F}.Debug|Any CPU.Build.0 = Debug|Any CPU
		{7D803427-C8D1-D4E8-D204-89D00D3A5C9F}.Release|Any CPU.ActiveCfg = Release|Any CPU
		{7D803427-C8D1-D4E8-D204-89D00D3A5C9F}.Release|Any CPU.Build.0 = Release|Any CPU
		{A613716E-D4DB-E678-D99A-DF011A838776}.Debug|Any CPU.ActiveCfg = Debug|Any CPU
		{A613716E-D4DB-E678-D99A-DF011A838776}.Debug|Any CPU.Build.0 = Debug|Any CPU
		{A613716E-D4DB-E678-D99A-DF011A838776}.Release|Any CPU.ActiveCfg = Release|Any CPU
		{A613716E-D4DB-E678-D99A-DF011A838776}.Release|Any CPU.Build.0 = Release|Any CPU
	EndGlobalSection
	GlobalSection(SolutionProperties) = preSolution
		HideSolutionNode = FALSE
	EndGlobalSection
EndGlobal
